{
  "name": "smart-agents-swarm",
  "version": "1.0.0",
  "lockfileVersion": 3,
  "requires": true,
  "packages": {
    "": {
      "name": "smart-agents-swarm",
      "version": "1.0.0",
      "license": "MIT",
      "bin": {
        "smart-agents": "index.js"
      },
      "engines": {
        "node": ">=16.0.0"
      }
    }
  }
}
